
Microsoft Visual Studio Solution File, Format Version 12.00
# Visual Studio Version 17
VisualStudioVersion = 17.7.34031.279
MinimumVisualStudioVersion = 10.0.40219.1
Project("{9A19103F-16F7-4668-BE54-9A1E7A4F7556}") = "C01Dapper", "C01Dapper\C01Dapper.csproj", "{D810CCCB-C024-4F47-96A5-E23CC27DC9B0}"
EndProject
Project("{9A19103F-16F7-4668-BE54-9A1E7A4F7556}") = "C02EFC", "C02EFC\C02EFC.csproj", "{9C382F2D-769D-4D41-8C2F-5D6F60087FC4}"
EndProject
Project("{9A19103F-16F7-4668-BE54-9A1E7A4F7556}") = "C03Mongo", "C03Mongo\C03Mongo.csproj", "{60519B8E-6FA8-43F4-A8DD-8F6D9865DF92}"
EndProject
Project("{9A19103F-16F7-4668-BE54-9A1E7A4F7556}") = "C04Events", "C04Events\C04Events.csproj", "{66E3E071-4AAC-4B7B-964C-848A5ADBB174}"
EndProject
Project("{9A19103F-16F7-4668-BE54-9A1E7A4F7556}") = "C05FirstMaui", "C05FirstMaui\C05FirstMaui.csproj", "{9632634E-5C99-42E2-8AF3-40DE0E11289A}"
EndProject
Project("{9A19103F-16F7-4668-BE54-9A1E7A4F7556}") = "C06Layout", "C06Layout\C06Layout.csproj", "{BBAFCB67-7682-4DC4-A8A7-224A679DE3FE}"
EndProject
Project("{FAE04EC0-301F-11D3-BF4B-00C04F79EFBC}") = "C07Components", "C07Components\C07Components.csproj", "{FCF822DD-F7AB-4082-BA52-BFF1BD4576C2}"
EndProject
Project("{FAE04EC0-301F-11D3-BF4B-00C04F79EFBC}") = "C08Clock", "C08Clock\C08Clock.csproj", "{8E2EE351-3FFB-488F-8047-0215F79357BF}"
EndProject
Global
	GlobalSection(SolutionConfigurationPlatforms) = preSolution
		Debug|Any CPU = Debug|Any CPU
		Release|Any CPU = Release|Any CPU
	EndGlobalSection
	GlobalSection(ProjectConfigurationPlatforms) = postSolution
		{D810CCCB-C024-4F47-96A5-E23CC27DC9B0}.Debug|Any CPU.ActiveCfg = Debug|Any CPU
		{D810CCCB-C024-4F47-96A5-E23CC27DC9B0}.Debug|Any CPU.Build.0 = Debug|Any CPU
		{D810CCCB-C024-4F47-96A5-E23CC27DC9B0}.Release|Any CPU.ActiveCfg = Release|Any CPU
		{D810CCCB-C024-4F47-96A5-E23CC27DC9B0}.Release|Any CPU.Build.0 = Release|Any CPU
		{9C382F2D-769D-4D41-8C2F-5D6F60087FC4}.Debug|Any CPU.ActiveCfg = Debug|Any CPU
		{9C382F2D-769D-4D41-8C2F-5D6F60087FC4}.Debug|Any CPU.Build.0 = Debug|Any CPU
		{9C382F2D-769D-4D41-8C2F-5D6F60087FC4}.Release|Any CPU.ActiveCfg = Release|Any CPU
		{9C382F2D-769D-4D41-8C2F-5D6F60087FC4}.Release|Any CPU.Build.0 = Release|Any CPU
		{60519B8E-6FA8-43F4-A8DD-8F6D9865DF92}.Debug|Any CPU.ActiveCfg = Debug|Any CPU
		{60519B8E-6FA8-43F4-A8DD-8F6D9865DF92}.Debug|Any CPU.Build.0 = Debug|Any CPU
		{60519B8E-6FA8-43F4-A8DD-8F6D9865DF92}.Release|Any CPU.ActiveCfg = Release|Any CPU
		{60519B8E-6FA8-43F4-A8DD-8F6D9865DF92}.Release|Any CPU.Build.0 = Release|Any CPU
		{66E3E071-4AAC-4B7B-964C-848A5ADBB174}.Debug|Any CPU.ActiveCfg = Debug|Any CPU
		{66E3E071-4AAC-4B7B-964C-848A5ADBB174}.Debug|Any CPU.Build.0 = Debug|Any CPU
		{66E3E071-4AAC-4B7B-964C-848A5ADBB174}.Release|Any CPU.ActiveCfg = Release|Any CPU
		{66E3E071-4AAC-4B7B-964C-848A5ADBB174}.Release|Any CPU.Build.0 = Release|Any CPU
		{9632634E-5C99-42E2-8AF3-40DE0E11289A}.Debug|Any CPU.ActiveCfg = Debug|Any CPU
		{9632634E-5C99-42E2-8AF3-40DE0E11289A}.Debug|Any CPU.Build.0 = Debug|Any CPU
		{9632634E-5C99-42E2-8AF3-40DE0E11289A}.Debug|Any CPU.Deploy.0 = Debug|Any CPU
		{9632634E-5C99-42E2-8AF3-40DE0E11289A}.Release|Any CPU.ActiveCfg = Release|Any CPU
		{9632634E-5C99-42E2-8AF3-40DE0E11289A}.Release|Any CPU.Build.0 = Release|Any CPU
		{9632634E-5C99-42E2-8AF3-40DE0E11289A}.Release|Any CPU.Deploy.0 = Release|Any CPU
		{BBAFCB67-7682-4DC4-A8A7-224A679DE3FE}.Debug|Any CPU.ActiveCfg = Debug|Any CPU
		{BBAFCB67-7682-4DC4-A8A7-224A679DE3FE}.Debug|Any CPU.Build.0 = Debug|Any CPU
		{BBAFCB67-7682-4DC4-A8A7-224A679DE3FE}.Debug|Any CPU.Deploy.0 = Debug|Any CPU
		{BBAFCB67-7682-4DC4-A8A7-224A679DE3FE}.Release|Any CPU.ActiveCfg = Release|Any CPU
		{BBAFCB67-7682-4DC4-A8A7-224A679DE3FE}.Release|Any CPU.Build.0 = Release|Any CPU
		{BBAFCB67-7682-4DC4-A8A7-224A679DE3FE}.Release|Any CPU.Deploy.0 = Release|Any CPU
		{FCF822DD-F7AB-4082-BA52-BFF1BD4576C2}.Debug|Any CPU.ActiveCfg = Debug|Any CPU
		{FCF822DD-F7AB-4082-BA52-BFF1BD4576C2}.Debug|Any CPU.Build.0 = Debug|Any CPU
		{FCF822DD-F7AB-4082-BA52-BFF1BD4576C2}.Debug|Any CPU.Deploy.0 = Debug|Any CPU
		{FCF822DD-F7AB-4082-BA52-BFF1BD4576C2}.Release|Any CPU.ActiveCfg = Release|Any CPU
		{FCF822DD-F7AB-4082-BA52-BFF1BD4576C2}.Release|Any CPU.Build.0 = Release|Any CPU
		{FCF822DD-F7AB-4082-BA52-BFF1BD4576C2}.Release|Any CPU.Deploy.0 = Release|Any CPU
		{8E2EE351-3FFB-488F-8047-0215F79357BF}.Debug|Any CPU.ActiveCfg = Debug|Any CPU
		{8E2EE351-3FFB-488F-8047-0215F79357BF}.Debug|Any CPU.Build.0 = Debug|Any CPU
		{8E2EE351-3FFB-488F-8047-0215F79357BF}.Debug|Any CPU.Deploy.0 = Debug|Any CPU
		{8E2EE351-3FFB-488F-8047-0215F79357BF}.Release|Any CPU.ActiveCfg = Release|Any CPU
		{8E2EE351-3FFB-488F-8047-0215F79357BF}.Release|Any CPU.Build.0 = Release|Any CPU
		{8E2EE351-3FFB-488F-8047-0215F79357BF}.Release|Any CPU.Deploy.0 = Release|Any CPU
	EndGlobalSection
	GlobalSection(SolutionProperties) = preSolution
		HideSolutionNode = FALSE
	EndGlobalSection
	GlobalSection(ExtensibilityGlobals) = postSolution
		SolutionGuid = {CB67DA36-0DE4-411A-8188-60B240750DAE}
	EndGlobalSection
EndGlobal
